
Microsoft Visual Studio Solution File, Format Version 12.00
# Visual Studio Version 16
VisualStudioVersion = 16.0.30413.136
MinimumVisualStudioVersion = 10.0.40219.1
Project("{FAE04EC0-301F-11D3-BF4B-00C04F79EFBC}") = "массивы", "массивы.csproj", "{464868E2-0FF0-44E0-BE56-E3309CEFA4A9}"
EndProject
Global
	GlobalSection(SolutionConfigurationPlatforms) = preSolution
		Debug|Any CPU = Debug|Any CPU
		Release|Any CPU = Release|Any CPU
	EndGlobalSection
	GlobalSection(ProjectConfigurationPlatforms) = postSolution
		{464868E2-0FF0-44E0-BE56-E3309CEFA4A9}.Debug|Any CPU.ActiveCfg = Debug|Any CPU
		{464868E2-0FF0-44E0-BE56-E3309CEFA4A9}.Debug|Any CPU.Build.0 = Debug|Any CPU
		{464868E2-0FF0-44E0-BE56-E3309CEFA4A9}.Release|Any CPU.ActiveCfg = Release|Any CPU
		{464868E2-0FF0-44E0-BE56-E3309CEFA4A9}.Release|Any CPU.Build.0 = Release|Any CPU
	EndGlobalSection
	GlobalSection(SolutionProperties) = preSolution
		HideSolutionNode = FALSE
	EndGlobalSection
	GlobalSection(ExtensibilityGlobals) = postSolution
		SolutionGuid = {296415C8-A5C7-4DE0-BDA9-CCB088EA1CCC}
	EndGlobalSection
EndGlobal
